// !$*UTF8*$!
{
	archiveVersion = 1;
	classes = {
	};
	objectVersion = 50;
	objects = {

/* Begin PBXBuildFile section */
		385B1B2F214F03DA00DCF6B7 /* AppDelegate.swift in Sources */ = {isa = PBXBuildFile; fileRef = 385B1B2E214F03DA00DCF6B7 /* AppDelegate.swift */; };
		385B1B31214F03DA00DCF6B7 /* ViewController.swift in Sources */ = {isa = PBXBuildFile; fileRef = 385B1B30214F03DA00DCF6B7 /* ViewController.swift */; };
		385B1B34214F03DA00DCF6B7 /* Main.storyboard in Resources */ = {isa = PBXBuildFile; fileRef = 385B1B32214F03DA00DCF6B7 /* Main.storyboard */; };
		385B1B36214F03DA00DCF6B7 /* Assets.xcassets in Resources */ = {isa = PBXBuildFile; fileRef = 385B1B35214F03DA00DCF6B7 /* Assets.xcassets */; };
		385B1B39214F03DA00DCF6B7 /* LaunchScreen.storyboard in Resources */ = {isa = PBXBuildFile; fileRef = 385B1B37214F03DA00DCF6B7 /* LaunchScreen.storyboard */; };
		4CC0301A6AF5D8201FF866EB /* Pods_Turnos.framework in Frameworks */ = {isa = PBXBuildFile; fileRef = D7FDB116722C0908AEA5C965 /* Pods_Turnos.framework */; };
/* End PBXBuildFile section */

/* Begin PBXFileReference section */
		385B1B2B214F03D900DCF6B7 /* Turnos.app */ = {isa = PBXFileReference; explicitFileType = wrapper.application; includeInIndex = 0; path = Turnos.app; sourceTree = BUILT_PRODUCTS_DIR; };
		385B1B2E214F03DA00DCF6B7 /* AppDelegate.swift */ = {isa = PBXFileReference; lastKnownFileType = sourcecode.swift; path = AppDelegate.swift; sourceTree = "<group>"; };
		385B1B30214F03DA00DCF6B7 /* ViewController.swift */ = {isa = PBXFileReference; lastKnownFileType = sourcecode.swift; path = ViewController.swift; sourceTree = "<group>"; };
		385B1B33214F03DA00DCF6B7 /* Base */ = {isa = PBXFileReference; lastKnownFileType = file.storyboard; name = Base; path = Base.lproj/Main.storyboard; sourceTree = "<group>"; };
		385B1B35214F03DA00DCF6B7 /* Assets.xcassets */ = {isa = PBXFileReference; lastKnownFileType = folder.assetcatalog; path = Assets.xcassets; sourceTree = "<group>"; };
		385B1B38214F03DA00DCF6B7 /* Base */ = {isa = PBXFileReference; lastKnownFileType = file.storyboard; name = Base; path = Base.lproj/LaunchScreen.storyboard; sourceTree = "<group>"; };
		385B1B3A214F03DA00DCF6B7 /* Info.plist */ = {isa = PBXFileReference; lastKnownFileType = text.plist.xml; path = Info.plist; sourceTree = "<group>"; };
		8B9DA5090AA23138407DDF6C /* Pods-Turnos.debug.xcconfig */ = {isa = PBXFileReference; includeInIndex = 1; lastKnownFileType = text.xcconfig; name = "Pods-Turnos.debug.xcconfig"; path = "Pods/Target Support Files/Pods-Turnos/Pods-Turnos.debug.xcconfig"; sourceTree = "<group>"; };
		A691E8AFE1FAED86F95B8F85 /* Pods-Turnos.release.xcconfig */ = {isa = PBXFileReference; includeInIndex = 1; lastKnownFileType = text.xcconfig; name = "Pods-Turnos.release.xcconfig"; path = "Pods/Target Support Files/Pods-Turnos/Pods-Turnos.release.xcconfig"; sourceTree = "<group>"; };
		D7FDB116722C0908AEA5C965 /* Pods_Turnos.framework */ = {isa = PBXFileReference; explicitFileType = wrapper.framework; includeInIndex = 0; path = Pods_Turnos.framework; sourceTree = BUILT_PRODUCTS_DIR; };
/* End PBXFileReference section */

/* Begin PBXFrameworksBuildPhase section */
		385B1B28214F03D900DCF6B7 /* Frameworks */ = {
			isa = PBXFrameworksBuildPhase;
			buildActionMask = 2147483647;
			files = (
				4CC0301A6AF5D8201FF866EB /* Pods_Turnos.framework in Frameworks */,
			);
			runOnlyForDeploymentPostprocessing = 0;
		};
/* End PBXFrameworksBuildPhase section */

/* Begin PBXGroup section */
		1A82BE62ACE5954CEFE62E64 /* Frameworks */ = {
			isa = PBXGroup;
			children = (
				D7FDB116722C0908AEA5C965 /* Pods_Turnos.framework */,
			);
			name = Frameworks;
			sourceTree = "<group>";
		};
		2D8B527F9B75B4694C82A08F /* Pods */ = {
			isa = PBXGroup;
			children = (
				8B9DA5090AA23138407DDF6C /* Pods-Turnos.debug.xcconfig */,
				A691E8AFE1FAED86F95B8F85 /* Pods-Turnos.release.xcconfig */,
			);
			name = Pods;
			sourceTree = "<group>";
		};
		385B1B22214F03D900DCF6B7 = {
			isa = PBXGroup;
			children = (
				385B1B2D214F03DA00DCF6B7 /* Turnos */,
				385B1B2C214F03D900DCF6B7 /* Products */,
				2D8B527F9B75B4694C82A08F /* Pods */,
				1A82BE62ACE5954CEFE62E64 /* Frameworks */,
			);
			sourceTree = "<group>";
		};
		385B1B2C214F03D900DCF6B7 /* Products */ = {
			isa = PBXGroup;
			children = (
				385B1B2B214F03D900DCF6B7 /* Turnos.app */,
			);
			name = Products;
			sourceTree = "<group>";
		};
		385B1B2D214F03DA00DCF6B7 /* Turnos */ = {
			isa = PBXGroup;
			children = (
				385B1B2E214F03DA00DCF6B7 /* AppDelegate.swift */,
				385B1B30214F03DA00DCF6B7 /* ViewController.swift */,
				385B1B32214F03DA00DCF6B7 /* Main.storyboard */,
				385B1B35214F03DA00DCF6B7 /* Assets.xcassets */,
				385B1B37214F03DA00DCF6B7 /* LaunchScreen.storyboard */,
				385B1B3A214F03DA00DCF6B7 /* Info.plist */,
			);
			path = Turnos;
			sourceTree = "<group>";
		};
/* End PBXGroup section */

/* Begin PBXNativeTarget section */
		385B1B2A214F03D900DCF6B7 /* Turnos */ = {
			isa = PBXNativeTarget;
			buildConfigurationList = 385B1B3D214F03DA00DCF6B7 /* Build configuration list for PBXNativeTarget "Turnos" */;
			buildPhases = (
				501677CAB1DD4A3AB5EEC992 /* [CP] Check Pods Manifest.lock */,
				385B1B27214F03D900DCF6B7 /* Sources */,
				385B1B28214F03D900DCF6B7 /* Frameworks */,
				385B1B29214F03D900DCF6B7 /* Resources */,
				015CBA8F8B78DF176DE07164 /* [CP] Embed Pods Frameworks */,
			);
			buildRules = (
			);
			dependencies = (
			);
			name = Turnos;
			productName = Turnos;
			productReference = 385B1B2B214F03D900DCF6B7 /* Turnos.app */;
			productType = "com.apple.product-type.application";
		};
/* End PBXNativeTarget section */

/* Begin PBXProject section */
		385B1B23214F03D900DCF6B7 /* Project object */ = {
			isa = PBXProject;
			attributes = {
				LastSwiftUpdateCheck = 0940;
				LastUpgradeCheck = 0940;
				ORGANIZATIONNAME = "equipo-rojo";
				TargetAttributes = {
					385B1B2A214F03D900DCF6B7 = {
						CreatedOnToolsVersion = 9.4;
					};
				};
			};
			buildConfigurationList = 385B1B26214F03D900DCF6B7 /* Build configuration list for PBXProject "Turnos" */;
			compatibilityVersion = "Xcode 9.3";
			developmentRegion = en;
			hasScannedForEncodings = 0;
			knownRegions = (
				en,
				Base,
			);
			mainGroup = 385B1B22214F03D900DCF6B7;
			productRefGroup = 385B1B2C214F03D900DCF6B7 /* Products */;
			projectDirPath = "";
			projectRoot = "";
			targets = (
				385B1B2A214F03D900DCF6B7 /* Turnos */,
			);
		};
/* End PBXProject section */

/* Begin PBXResourcesBuildPhase section */
		385B1B29214F03D900DCF6B7 /* Resources */ = {
			isa = PBXResourcesBuildPhase;
			buildActionMask = 2147483647;
			files = (
				385B1B39214F03DA00DCF6B7 /* LaunchScreen.storyboard in Resources */,
				385B1B36214F03DA00DCF6B7 /* Assets.xcassets in Resources */,
				385B1B34214F03DA00DCF6B7 /* Main.storyboard in Resources */,
			);
			runOnlyForDeploymentPostprocessing = 0;
		};
/* End PBXResourcesBuildPhase section */

/* Begin PBXShellScriptBuildPhase section */
		015CBA8F8B78DF176DE07164 /* [CP] Embed Pods Frameworks */ = {
			isa = PBXShellScriptBuildPhase;
			buildActionMask = 2147483647;
			files = (
			);
			inputPaths = (
				"${SRCROOT}/Pods/Target Support Files/Pods-Turnos/Pods-Turnos-frameworks.sh",
				"${BUILT_PRODUCTS_DIR}/Alamofire/Alamofire.framework",
			);
			name = "[CP] Embed Pods Frameworks";
			outputPaths = (
				"${TARGET_BUILD_DIR}/${FRAMEWORKS_FOLDER_PATH}/Alamofire.framework",
			);
			runOnlyForDeploymentPostprocessing = 0;
			shellPath = /bin/sh;
			shellScript = "\"${SRCROOT}/Pods/Target Support Files/Pods-Turnos/Pods-Turnos-frameworks.sh\"\n";
			showEnvVarsInLog = 0;
		};
		501677CAB1DD4A3AB5EEC992 /* [CP] Check Pods Manifest.lock */ = {
			isa = PBXShellScriptBuildPhase;
			buildActionMask = 2147483647;
			files = (
			);
			inputPaths = (
				"${PODS_PODFILE_DIR_PATH}/Podfile.lock",
				"${PODS_ROOT}/Manifest.lock",
			);
			name = "[CP] Check Pods Manifest.lock";
			outputPaths = (
				"$(DERIVED_FILE_DIR)/Pods-Turnos-checkManifestLockResult.txt",
			);
			runOnlyForDeploymentPostprocessing = 0;
			shellPath = /bin/sh;
			shellScript = "diff \"${PODS_PODFILE_DIR_PATH}/Podfile.lock\" \"${PODS_ROOT}/Manifest.lock\" > /dev/null\nif [ $? != 0 ] ; then\n    # print error to STDERR\n    echo \"error: The sandbox is not in sync with the Podfile.lock. Run 'pod install' or update your CocoaPods installation.\" >&2\n    exit 1\nfi\n# This output is used by Xcode 'outputs' to avoid re-running this script phase.\necho \"SUCCESS\" > \"${SCRIPT_OUTPUT_FILE_0}\"\n";
			showEnvVarsInLog = 0;
		};
/* End PBXShellScriptBuildPhase section */

/* Begin PBXSourcesBuildPhase section */
		385B1B27214F03D900DCF6B7 /* Sources */ = {
			isa = PBXSourcesBuildPhase;
			buildActionMask = 2147483647;
			files = (
				385B1B31214F03DA00DCF6B7 /* ViewController.swift in Sources */,
				385B1B2F214F03DA00DCF6B7 /* AppDelegate.swift in Sources */,
			);
			runOnlyForDeploymentPostprocessing = 0;
		};
/* End PBXSourcesBuildPhase section */

/* Begin PBXVariantGroup section */
		385B1B32214F03DA00DCF6B7 /* Main.storyboard */ = {
			isa = PBXVariantGroup;
			children = (
				385B1B33214F03DA00DCF6B7 /* Base */,
			);
			name = Main.storyboard;
			sourceTree = "<group>";
		};
		385B1B37214F03DA00DCF6B7 /* LaunchScreen.storyboard */ = {
			isa = PBXVariantGroup;
			children = (
				385B1B38214F03DA00DCF6B7 /* Base */,
			);
			name = LaunchScreen.storyboard;
			sourceTree = "<group>";
		};
/* End PBXVariantGroup section */

/* Begin XCBuildConfiguration section */
		385B1B3B214F03DA00DCF6B7 /* Debug */ = {
			isa = XCBuildConfiguration;
			buildSettings = {
				ALWAYS_SEARCH_USER_PATHS = NO;
				CLANG_ANALYZER_NONNULL = YES;
				CLANG_ANALYZER_NUMBER_OBJECT_CONVERSION = YES_AGGRESSIVE;
				CLANG_CXX_LANGUAGE_STANDARD = "gnu++14";
				CLANG_CXX_LIBRARY = "libc++";
				CLANG_ENABLE_MODULES = YES;
				CLANG_ENABLE_OBJC_ARC = YES;
				CLANG_ENABLE_OBJC_WEAK = YES;
				CLANG_WARN_BLOCK_CAPTURE_AUTORELEASING = YES;
				CLANG_WARN_BOOL_CONVERSION = YES;
				CLANG_WARN_COMMA = YES;
				CLANG_WARN_CONSTANT_CONVERSION = YES;
				CLANG_WARN_DEPRECATED_OBJC_IMPLEMENTATIONS = YES;
				CLANG_WARN_DIRECT_OBJC_ISA_USAGE = YES_ERROR;
				CLANG_WARN_DOCUMENTATION_COMMENTS = YES;
				CLANG_WARN_EMPTY_BODY = YES;
				CLANG_WARN_ENUM_CONVERSION = YES;
				CLANG_WARN_INFINITE_RECURSION = YES;
				CLANG_WARN_INT_CONVERSION = YES;
				CLANG_WARN_NON_LITERAL_NULL_CONVERSION = YES;
				CLANG_WARN_OBJC_IMPLICIT_RETAIN_SELF = YES;
				CLANG_WARN_OBJC_LITERAL_CONVERSION = YES;
				CLANG_WARN_OBJC_ROOT_CLASS = YES_ERROR;
				CLANG_WARN_RANGE_LOOP_ANALYSIS = YES;
				CLANG_WARN_STRICT_PROTOTYPES = YES;
				CLANG_WARN_SUSPICIOUS_MOVE = YES;
				CLANG_WARN_UNGUARDED_AVAILABILITY = YES_AGGRESSIVE;
				CLANG_WARN_UNREACHABLE_CODE = YES;
				CLANG_WARN__DUPLICATE_METHOD_MATCH = YES;
				CODE_SIGN_IDENTITY = "iPhone Developer";
				COPY_PHASE_STRIP = NO;
				DEBUG_INFORMATION_FORMAT = dwarf;
				ENABLE_STRICT_OBJC_MSGSEND = YES;
				ENABLE_TESTABILITY = YES;
				GCC_C_LANGUAGE_STANDARD = gnu11;
				GCC_DYNAMIC_NO_PIC = NO;
				GCC_NO_COMMON_BLOCKS = YES;
				GCC_OPTIMIZATION_LEVEL = 0;
				GCC_PREPROCESSOR_DEFINITIONS = (
					"DEBUG=1",
					"$(inherited)",
				);
				GCC_WARN_64_TO_32_BIT_CONVERSION = YES;
				GCC_WARN_ABOUT_RETURN_TYPE = YES_ERROR;
				GCC_WARN_UNDECLARED_SELECTOR = YES;
				GCC_WARN_UNINITIALIZED_AUTOS = YES_AGGRESSIVE;
				GCC_WARN_UNUSED_FUNCTION = YES;
				GCC_WARN_UNUSED_VARIABLE = YES;
				IPHONEOS_DEPLOYMENT_TARGET = 11.4;
				MTL_ENABLE_DEBUG_INFO = YES;
				ONLY_ACTIVE_ARCH = YES;
				SDKROOT = iphoneos;
				SWIFT_ACTIVE_COMPILATION_CONDITIONS = DEBUG;
				SWIFT_OPTIMIZATION_LEVEL = "-Onone";
			};
			name = Debug;
		};
		385B1B3C214F03DA00DCF6B7 /* Release */ = {
			isa = XCBuildConfiguration;
			buildSettings = {
				ALWAYS_SEARCH_USER_PATHS = NO;
				CLANG_ANALYZER_NONNULL = YES;
				CLANG_ANALYZER_NUMBER_OBJECT_CONVERSION = YES_AGGRESSIVE;
				CLANG_CXX_LANGUAGE_STANDARD = "gnu++14";
				CLANG_CXX_LIBRARY = "libc++";
				CLANG_ENABLE_MODULES = YES;
				CLANG_ENABLE_OBJC_ARC = YES;
				CLANG_ENABLE_OBJC_WEAK = YES;
				CLANG_WARN_BLOCK_CAPTURE_AUTORELEASING = YES;
				CLANG_WARN_BOOL_CONVERSION = YES;
				CLANG_WARN_COMMA = YES;
				CLANG_WARN_CONSTANT_CONVERSION = YES;
				CLANG_WARN_DEPRECATED_OBJC_IMPLEMENTATIONS = YES;
				CLANG_WARN_DIRECT_OBJC_ISA_USAGE = YES_ERROR;
				CLANG_WARN_DOCUMENTATION_COMMENTS = YES;
				CLANG_WARN_EMPTY_BODY = YES;
				CLANG_WARN_ENUM_CONVERSION = YES;
				CLANG_WARN_INFINITE_RECURSION = YES;
				CLANG_WARN_INT_CONVERSION = YES;
				CLANG_WARN_NON_LITERAL_NULL_CONVERSION = YES;
				CLANG_WARN_OBJC_IMPLICIT_RETAIN_SELF = YES;
				CLANG_WARN_OBJC_LITERAL_CONVERSION = YES;
				CLANG_WARN_OBJC_ROOT_CLASS = YES_ERROR;
				CLANG_WARN_RANGE_LOOP_ANALYSIS = YES;
				CLANG_WARN_STRICT_PROTOTYPES = YES;
				CLANG_WARN_SUSPICIOUS_MOVE = YES;
				CLANG_WARN_UNGUARDED_AVAILABILITY = YES_AGGRESSIVE;
				CLANG_WARN_UNREACHABLE_CODE = YES;
				CLANG_WARN__DUPLICATE_METHOD_MATCH = YES;
				CODE_SIGN_IDENTITY = "iPhone Developer";
				COPY_PHASE_STRIP = NO;
				DEBUG_INFORMATION_FORMAT = "dwarf-with-dsym";
				ENABLE_NS_ASSERTIONS = NO;
				ENABLE_STRICT_OBJC_MSGSEND = YES;
				GCC_C_LANGUAGE_STANDARD = gnu11;
				GCC_NO_COMMON_BLOCKS = YES;
				GCC_WARN_64_TO_32_BIT_CONVERSION = YES;
				GCC_WARN_ABOUT_RETURN_TYPE = YES_ERROR;
				GCC_WARN_UNDECLARED_SELECTOR = YES;
				GCC_WARN_UNINITIALIZED_AUTOS = YES_AGGRESSIVE;
				GCC_WARN_UNUSED_FUNCTION = YES;
				GCC_WARN_UNUSED_VARIABLE = YES;
				IPHONEOS_DEPLOYMENT_TARGET = 11.4;
				MTL_ENABLE_DEBUG_INFO = NO;
				SDKROOT = iphoneos;
				SWIFT_COMPILATION_MODE = wholemodule;
				SWIFT_OPTIMIZATION_LEVEL = "-O";
				VALIDATE_PRODUCT = YES;
			};
			name = Release;
		};
		385B1B3E214F03DA00DCF6B7 /* Debug */ = {
			isa = XCBuildConfiguration;
			baseConfigurationReference = 8B9DA5090AA23138407DDF6C /* Pods-Turnos.debug.xcconfig */;
			buildSettings = {
				ASSETCATALOG_COMPILER_APPICON_NAME = AppIcon;
				CODE_SIGN_STYLE = Automatic;
				DEVELOPMENT_TEAM = 8P47JR3FHB;
				INFOPLIST_FILE = Turnos/Info.plist;
				LD_RUNPATH_SEARCH_PATHS = (
					"$(inherited)",
					"@executable_path/Frameworks",
				);
				PRODUCT_BUNDLE_IDENTIFIER = "com.equipo-rojo.Turnos";
				PRODUCT_NAME = "$(TARGET_NAME)";
				SWIFT_VERSION = 4.0;
				TARGETED_DEVICE_FAMILY = "1,2";
			};
			name = Debug;
		};
		385B1B3F214F03DA00DCF6B7 /* Release */ = {
			isa = XCBuildConfiguration;
			baseConfigurationReference = A691E8AFE1FAED86F95B8F85 /* Pods-Turnos.release.xcconfig */;
			buildSettings = {
				ASSETCATALOG_COMPILER_APPICON_NAME = AppIcon;
				CODE_SIGN_STYLE = Automatic;
				DEVELOPMENT_TEAM = 8P47JR3FHB;
				INFOPLIST_FILE = Turnos/Info.plist;
				LD_RUNPATH_SEARCH_PATHS = (
					"$(inherited)",
					"@executable_path/Frameworks",
				);
				PRODUCT_BUNDLE_IDENTIFIER = "com.equipo-rojo.Turnos";
				PRODUCT_NAME = "$(TARGET_NAME)";
				SWIFT_VERSION = 4.0;
				TARGETED_DEVICE_FAMILY = "1,2";
			};
			name = Release;
		};
/* End XCBuildConfiguration section */

/* Begin XCConfigurationList section */
		385B1B26214F03D900DCF6B7 /* Build configuration list for PBXProject "Turnos" */ = {
			isa = XCConfigurationList;
			buildConfigurations = (
				385B1B3B214F03DA00DCF6B7 /* Debug */,
				385B1B3C214F03DA00DCF6B7 /* Release */,
			);
			defaultConfigurationIsVisible = 0;
			defaultConfigurationName = Release;
		};
		385B1B3D214F03DA00DCF6B7 /* Build configuration list for PBXNativeTarget "Turnos" */ = {
			isa = XCConfigurationList;
			buildConfigurations = (
				385B1B3E214F03DA00DCF6B7 /* Debug */,
				385B1B3F214F03DA00DCF6B7 /* Release */,
			);
			defaultConfigurationIsVisible = 0;
			defaultConfigurationName = Release;
		};
/* End XCConfigurationList section */
	};
	rootObject = 385B1B23214F03D900DCF6B7 /* Project object */;
}
